
Microsoft Visual Studio Solution File, Format Version 12.00
# Visual Studio Version 17
VisualStudioVersion = 17.4.33205.214
MinimumVisualStudioVersion = 10.0.40219.1
Project("{9A19103F-16F7-4668-BE54-9A1E7A4F7556}") = "matahari-client", "..\matahari-client\matahari-client.csproj", "{245F1886-B1D8-406C-BEC3-1DC948F30992}"
EndProject
Project("{9A19103F-16F7-4668-BE54-9A1E7A4F7556}") = "matahari-common", "..\matahari-common\matahari-common.csproj", "{C395CDFE-A406-43A4-B8DC-E60ACE454394}"
EndProject
Project("{9A19103F-16F7-4668-BE54-9A1E7A4F7556}") = "matahari-server", "..\matahari-server\matahari-server.csproj", "{448588CB-8B7E-4A17-AE41-13CFB2E7151F}"
EndProject
Global
	GlobalSection(SolutionConfigurationPlatforms) = preSolution
		Debug|Any CPU = Debug|Any CPU
		Release|Any CPU = Release|Any CPU
	EndGlobalSection
	GlobalSection(ProjectConfigurationPlatforms) = postSolution
		{245F1886-B1D8-406C-BEC3-1DC948F30992}.Debug|Any CPU.ActiveCfg = Debug|Any CPU
		{245F1886-B1D8-406C-BEC3-1DC948F30992}.Debug|Any CPU.Build.0 = Debug|Any CPU
		{245F1886-B1D8-406C-BEC3-1DC948F30992}.Release|Any CPU.ActiveCfg = Release|Any CPU
		{245F1886-B1D8-406C-BEC3-1DC948F30992}.Release|Any CPU.Build.0 = Release|Any CPU
		{C395CDFE-A406-43A4-B8DC-E60ACE454394}.Debug|Any CPU.ActiveCfg = Debug|Any CPU
		{C395CDFE-A406-43A4-B8DC-E60ACE454394}.Debug|Any CPU.Build.0 = Debug|Any CPU
		{C395CDFE-A406-43A4-B8DC-E60ACE454394}.Release|Any CPU.ActiveCfg = Release|Any CPU
		{C395CDFE-A406-43A4-B8DC-E60ACE454394}.Release|Any CPU.Build.0 = Release|Any CPU
		{448588CB-8B7E-4A17-AE41-13CFB2E7151F}.Debug|Any CPU.ActiveCfg = Debug|Any CPU
		{448588CB-8B7E-4A17-AE41-13CFB2E7151F}.Debug|Any CPU.Build.0 = Debug|Any CPU
		{448588CB-8B7E-4A17-AE41-13CFB2E7151F}.Release|Any CPU.ActiveCfg = Release|Any CPU
		{448588CB-8B7E-4A17-AE41-13CFB2E7151F}.Release|Any CPU.Build.0 = Release|Any CPU
	EndGlobalSection
	GlobalSection(SolutionProperties) = preSolution
		HideSolutionNode = FALSE
	EndGlobalSection
	GlobalSection(ExtensibilityGlobals) = postSolution
		SolutionGuid = {4F2FDDE4-913D-4880-823B-852122DB3FE6}
	EndGlobalSection
EndGlobal
