
Microsoft Visual Studio Solution File, Format Version 12.00
# Visual Studio Version 17
VisualStudioVersion = 17.4.33205.214
MinimumVisualStudioVersion = 10.0.40219.1
Project("{FAE04EC0-301F-11D3-BF4B-00C04F79EFBC}") = "matahari-server", "matahari-server.csproj", "{8A07248D-8877-4181-9776-84C723AF3547}"
EndProject
Global
	GlobalSection(SolutionConfigurationPlatforms) = preSolution
		Debug|Any CPU = Debug|Any CPU
		Release|Any CPU = Release|Any CPU
	EndGlobalSection
	GlobalSection(ProjectConfigurationPlatforms) = postSolution
		{8A07248D-8877-4181-9776-84C723AF3547}.Debug|Any CPU.ActiveCfg = Debug|Any CPU
		{8A07248D-8877-4181-9776-84C723AF3547}.Debug|Any CPU.Build.0 = Debug|Any CPU
		{8A07248D-8877-4181-9776-84C723AF3547}.Release|Any CPU.ActiveCfg = Release|Any CPU
		{8A07248D-8877-4181-9776-84C723AF3547}.Release|Any CPU.Build.0 = Release|Any CPU
	EndGlobalSection
	GlobalSection(SolutionProperties) = preSolution
		HideSolutionNode = FALSE
	EndGlobalSection
	GlobalSection(ExtensibilityGlobals) = postSolution
		SolutionGuid = {818755E6-E40A-4E98-88F2-2850D50BE38F}
	EndGlobalSection
EndGlobal
